
Microsoft Visual Studio Solution File, Format Version 12.00
# Visual Studio Version 16
VisualStudioVersion = 16.0.33328.57
MinimumVisualStudioVersion = 10.0.40219.1
Project("{FAE04EC0-301F-11D3-BF4B-00C04F79EFBC}") = "peso_ideal_williams", "peso_ideal_williams\peso_ideal_williams.csproj", "{0644FC6C-5F2B-4437-BEE1-292E7D868993}"
EndProject
Global
	GlobalSection(SolutionConfigurationPlatforms) = preSolution
		Debug|Any CPU = Debug|Any CPU
		Release|Any CPU = Release|Any CPU
	EndGlobalSection
	GlobalSection(ProjectConfigurationPlatforms) = postSolution
		{0644FC6C-5F2B-4437-BEE1-292E7D868993}.Debug|Any CPU.ActiveCfg = Debug|Any CPU
		{0644FC6C-5F2B-4437-BEE1-292E7D868993}.Debug|Any CPU.Build.0 = Debug|Any CPU
		{0644FC6C-5F2B-4437-BEE1-292E7D868993}.Release|Any CPU.ActiveCfg = Release|Any CPU
		{0644FC6C-5F2B-4437-BEE1-292E7D868993}.Release|Any CPU.Build.0 = Release|Any CPU
	EndGlobalSection
	GlobalSection(SolutionProperties) = preSolution
		HideSolutionNode = FALSE
	EndGlobalSection
	GlobalSection(ExtensibilityGlobals) = postSolution
		SolutionGuid = {9CD1946A-ACBB-465C-8DFB-097405A9C827}
	EndGlobalSection
EndGlobal
